
Microsoft Visual Studio Solution File, Format Version 12.00
# Visual Studio 15
VisualStudioVersion = 15.0.26730.12
MinimumVisualStudioVersion = 10.0.40219.1
Project("{9A19103F-16F7-4668-BE54-9A1E7A4F7556}") = "IOTranscriber", "IOTranscriber\IOTranscriber.csproj", "{01A4D7D0-D50A-4C52-BBF2-792C87C51910}"
EndProject
Project("{9A19103F-16F7-4668-BE54-9A1E7A4F7556}") = "IOTranscriber.Lib", "IOTranscriber.Lib\IOTranscriber.Lib.csproj", "{360E217B-D068-4722-A951-3BD71F4508DB}"
EndProject
Project("{FAE04EC0-301F-11D3-BF4B-00C04F79EFBC}") = "IOTranscriber.Lib.Test", "IOTranscriber.Lib.Test\IOTranscriber.Lib.Test.csproj", "{6CAEB1BA-CE7C-4935-BC69-1A9DBA9C1BB0}"
EndProject
Global
	GlobalSection(SolutionConfigurationPlatforms) = preSolution
		Debug|Any CPU = Debug|Any CPU
		Release|Any CPU = Release|Any CPU
	EndGlobalSection
	GlobalSection(ProjectConfigurationPlatforms) = postSolution
		{01A4D7D0-D50A-4C52-BBF2-792C87C51910}.Debug|Any CPU.ActiveCfg = Debug|Any CPU
		{01A4D7D0-D50A-4C52-BBF2-792C87C51910}.Debug|Any CPU.Build.0 = Debug|Any CPU
		{01A4D7D0-D50A-4C52-BBF2-792C87C51910}.Release|Any CPU.ActiveCfg = Release|Any CPU
		{01A4D7D0-D50A-4C52-BBF2-792C87C51910}.Release|Any CPU.Build.0 = Release|Any CPU
		{360E217B-D068-4722-A951-3BD71F4508DB}.Debug|Any CPU.ActiveCfg = Debug|Any CPU
		{360E217B-D068-4722-A951-3BD71F4508DB}.Debug|Any CPU.Build.0 = Debug|Any CPU
		{360E217B-D068-4722-A951-3BD71F4508DB}.Release|Any CPU.ActiveCfg = Release|Any CPU
		{360E217B-D068-4722-A951-3BD71F4508DB}.Release|Any CPU.Build.0 = Release|Any CPU
		{6CAEB1BA-CE7C-4935-BC69-1A9DBA9C1BB0}.Debug|Any CPU.ActiveCfg = Debug|Any CPU
		{6CAEB1BA-CE7C-4935-BC69-1A9DBA9C1BB0}.Debug|Any CPU.Build.0 = Debug|Any CPU
		{6CAEB1BA-CE7C-4935-BC69-1A9DBA9C1BB0}.Release|Any CPU.ActiveCfg = Release|Any CPU
		{6CAEB1BA-CE7C-4935-BC69-1A9DBA9C1BB0}.Release|Any CPU.Build.0 = Release|Any CPU
	EndGlobalSection
	GlobalSection(SolutionProperties) = preSolution
		HideSolutionNode = FALSE
	EndGlobalSection
	GlobalSection(ExtensibilityGlobals) = postSolution
		SolutionGuid = {38FC49D1-5706-4E20-B028-4188F1CA64F4}
	EndGlobalSection
EndGlobal
